
Microsoft Visual Studio Solution File, Format Version 12.00
# Visual Studio Version 17
VisualStudioVersion = 17.5.33627.172
MinimumVisualStudioVersion = 10.0.40219.1
Project("{2150E333-8FDC-42A3-9474-1A3956D46DE8}") = "Solution Items", "Solution Items", "{1299849E-069E-4D1C-9180-72B9C9C3BAC7}"
EndProject
Project("{9A19103F-16F7-4668-BE54-9A1E7A4F7556}") = "InstaConnect.Gateway.Web", "src\Gateway\InstaConnect.Gateway.Web\InstaConnect.Gateway.Web.csproj", "{0E108931-0C4C-4FBD-AFC6-447CDAF5595C}"
EndProject
Project("{2150E333-8FDC-42A3-9474-1A3956D46DE8}") = "Gateway", "Gateway", "{6DD65F98-A141-4DFD-B0E1-D4BC7CC2CAAA}"
EndProject
Project("{2150E333-8FDC-42A3-9474-1A3956D46DE8}") = "Services", "Services", "{8BC43BD2-551C-4799-A1CE-0543A75DB852}"
EndProject
Project("{2150E333-8FDC-42A3-9474-1A3956D46DE8}") = "Shared", "Shared", "{A69A3437-B98C-4657-945B-EFACA12E0C8A}"
EndProject
Project("{2150E333-8FDC-42A3-9474-1A3956D46DE8}") = "Posts", "Posts", "{BB218D91-B7C7-4865-9A44-68EFCEBF744C}"
EndProject
Project("{2150E333-8FDC-42A3-9474-1A3956D46DE8}") = "Messages", "Messages", "{7FE8F3FE-E3F1-46BD-B1A5-788D3E987AEB}"
EndProject
Project("{2150E333-8FDC-42A3-9474-1A3956D46DE8}") = "Follows", "Follows", "{7BF85781-BAFC-4F14-9314-D366F339D135}"
EndProject
Project("{2150E333-8FDC-42A3-9474-1A3956D46DE8}") = "src", "src", "{F74BF151-136D-462E-83A8-BD448CBBE488}"
EndProject
Project("{9A19103F-16F7-4668-BE54-9A1E7A4F7556}") = "InstaConnect.Shared.Business", "src\Services\Shared\InstaConnect.Shared.Business\InstaConnect.Shared.Business.csproj", "{CBCE8265-A24F-4BF8-8BAD-2D2575FEF502}"
EndProject
Project("{9A19103F-16F7-4668-BE54-9A1E7A4F7556}") = "InstaConnect.Shared.Data", "src\Services\Shared\InstaConnect.Shared.Data\InstaConnect.Shared.Data.csproj", "{1287B045-C0EA-49A6-88ED-6588EF4BA6E6}"
EndProject
Project("{9A19103F-16F7-4668-BE54-9A1E7A4F7556}") = "InstaConnect.Shared.Web", "src\Services\Shared\InstaConnect.Shared.Web\InstaConnect.Shared.Web.csproj", "{DA1162BE-86C9-4C93-B720-FF0E3D5183D7}"
EndProject
Project("{2150E333-8FDC-42A3-9474-1A3956D46DE8}") = "tests", "tests", "{F2DFCE00-F5FA-4CC4-8B1D-71E35409A109}"
EndProject
Project("{2150E333-8FDC-42A3-9474-1A3956D46DE8}") = "Services", "Services", "{1008DA27-0EBD-4D8F-B128-89FA08D02A99}"
EndProject
Project("{2150E333-8FDC-42A3-9474-1A3956D46DE8}") = "Posts", "Posts", "{9C334A35-B292-4508-84F0-6356ABB3F0BB}"
EndProject
Project("{2150E333-8FDC-42A3-9474-1A3956D46DE8}") = "Users", "Users", "{26B903EE-D354-4E26-8785-325AEBD06FC4}"
EndProject
Project("{2150E333-8FDC-42A3-9474-1A3956D46DE8}") = "Follows", "Follows", "{FA401F1C-FBB6-4929-BFB1-126DFBC926A0}"
EndProject
Project("{2150E333-8FDC-42A3-9474-1A3956D46DE8}") = "Messages", "Messages", "{1BBFC959-E3DD-484B-8CB8-AB19457AA5DC}"
EndProject
Project("{E53339B2-1760-4266-BCC7-CA923CBCF16C}") = "docker-compose", "docker-compose.dcproj", "{3D287ADF-63AE-4D5C-80D2-2FF65D56913C}"
EndProject
Project("{2150E333-8FDC-42A3-9474-1A3956D46DE8}") = "Identity", "Identity", "{8E8BC1F8-B409-457F-A009-4B7EB511812D}"
EndProject
Project("{9A19103F-16F7-4668-BE54-9A1E7A4F7556}") = "InstaConnect.Identity.Data", "src\Services\Identity\InstaConnect.Identity.Data\InstaConnect.Identity.Data.csproj", "{C45CCBAC-4760-4752-B9EC-3A79CD000DCF}"
EndProject
Project("{9A19103F-16F7-4668-BE54-9A1E7A4F7556}") = "InstaConnect.Identity.Business", "src\Services\Identity\InstaConnect.Identity.Business\InstaConnect.Identity.Business.csproj", "{ED31D575-CF7A-4ABC-AAF7-33FA959818C1}"
EndProject
Project("{9A19103F-16F7-4668-BE54-9A1E7A4F7556}") = "InstaConnect.Identity.Web", "src\Services\Identity\InstaConnect.Identity.Web\InstaConnect.Identity.Web.csproj", "{44829A6A-6ABF-4B4C-8E07-386620684872}"
EndProject
Project("{2150E333-8FDC-42A3-9474-1A3956D46DE8}") = "Emails", "Emails", "{8A13ADAD-E7A7-4776-9F02-689B9AD6ED39}"
EndProject
Project("{9A19103F-16F7-4668-BE54-9A1E7A4F7556}") = "InstaConnect.Emails.Web", "src\Services\Emails\InstaConnect.Emails.Web\InstaConnect.Emails.Web.csproj", "{DC30F933-F955-48BF-B10E-FDD726420A85}"
EndProject
Project("{9A19103F-16F7-4668-BE54-9A1E7A4F7556}") = "InstaConnect.Emails.Business", "src\Services\Emails\InstaConnect.Emails.Business\InstaConnect.Emails.Business.csproj", "{5602742E-24CE-4B61-8BEE-FDC4218F904A}"
EndProject
Project("{2150E333-8FDC-42A3-9474-1A3956D46DE8}") = "Shared", "Shared", "{10C8E4E9-DF0F-433E-8C9F-D14653D10745}"
EndProject
Project("{9A19103F-16F7-4668-BE54-9A1E7A4F7556}") = "InstaConnect.Shared.Web.UnitTests", "tests\Services\Shared\InstaConnect.Shared.Web.UnitTests\InstaConnect.Shared.Web.UnitTests.csproj", "{56086E07-6E30-4520-9B37-8F655CECBC32}"
EndProject
Project("{9A19103F-16F7-4668-BE54-9A1E7A4F7556}") = "InstaConnect.Shared.Business.UnitTests", "tests\Services\Shared\InstaConnect.Shared.Business.UnitTests\InstaConnect.Shared.Business.UnitTests.csproj", "{66FDD8E5-4AD9-49A6-B54B-D40D7713D58C}"
EndProject
Project("{9A19103F-16F7-4668-BE54-9A1E7A4F7556}") = "InstaConnect.Shared.Business.IntegrationTests", "tests\Services\Shared\InstaConnect.Shared.Business.IntegrationTests\InstaConnect.Shared.Business.IntegrationTests.csproj", "{E1E97B47-B5AE-47BA-83DC-54E0AB90E70D}"
EndProject
Project("{9A19103F-16F7-4668-BE54-9A1E7A4F7556}") = "InstaConnect.Shared.Web.FunctionalTests", "tests\Services\Shared\InstaConnect.Shared.Web.FunctionalTests\InstaConnect.Shared.Web.FunctionalTests.csproj", "{83665ADA-39E0-4607-B644-D6162A77F776}"
EndProject
Project("{9A19103F-16F7-4668-BE54-9A1E7A4F7556}") = "InstaConnect.Messages.Data", "src\Services\Messages\InstaConnect.Messages.Data\InstaConnect.Messages.Data.csproj", "{37606FAA-3735-4DB2-A208-675EA56A0463}"
EndProject
Project("{9A19103F-16F7-4668-BE54-9A1E7A4F7556}") = "InstaConnect.Messages.Business", "src\Services\Messages\InstaConnect.Messages.Business\InstaConnect.Messages.Business.csproj", "{6E19857D-E25F-491A-A402-83F480B47728}"
EndProject
Project("{9A19103F-16F7-4668-BE54-9A1E7A4F7556}") = "InstaConnect.Messages.Web", "src\Services\Messages\InstaConnect.Messages.Web\InstaConnect.Messages.Web.csproj", "{A0600C02-1E38-40EB-BF4B-4608863BFF66}"
EndProject
Project("{9A19103F-16F7-4668-BE54-9A1E7A4F7556}") = "InstaConnect.Messages.Business.UnitTests", "tests\Services\Messages\InstaConnect.Messages.Business.UnitTests\InstaConnect.Messages.Business.UnitTests.csproj", "{1C97AB4D-CFDF-4ED1-877D-07336A8E817B}"
EndProject
Project("{9A19103F-16F7-4668-BE54-9A1E7A4F7556}") = "InstaConnect.Messages.Business.IntegrationTests", "tests\Services\Messages\InstaConnect.Messages.Business.IntegrationTests\InstaConnect.Messages.Business.IntegrationTests.csproj", "{58786B04-C411-489C-AAD6-0564F7F10870}"
EndProject
Project("{9A19103F-16F7-4668-BE54-9A1E7A4F7556}") = "InstaConnect.Messages.Web.UnitTests", "tests\Services\Messages\InstaConnect.Messages.Web.UnitTests\InstaConnect.Messages.Web.UnitTests.csproj", "{4C878E30-917E-4B12-9FE0-5D33077D9EC2}"
EndProject
Project("{9A19103F-16F7-4668-BE54-9A1E7A4F7556}") = "InstaConnect.Messages.Web.FunctionalTests", "tests\Services\Messages\InstaConnect.Messages.Web.FunctionalTests\InstaConnect.Messages.Web.FunctionalTests.csproj", "{7BD815DA-4D8C-4153-8536-77EA23FE8BBE}"
EndProject
Project("{9A19103F-16F7-4668-BE54-9A1E7A4F7556}") = "InstaConnect.Follows.Data", "src\Services\Follows\InstaConnect.Follows.Data\InstaConnect.Follows.Data.csproj", "{6D29C6D9-9F48-40D5-8F12-68AA78B8D152}"
EndProject
Project("{9A19103F-16F7-4668-BE54-9A1E7A4F7556}") = "InstaConnect.Follows.Business", "src\Services\Follows\InstaConnect.Follows.Business\InstaConnect.Follows.Business.csproj", "{BEDAE76F-5997-4010-9218-5A651E2083F7}"
EndProject
Project("{9A19103F-16F7-4668-BE54-9A1E7A4F7556}") = "InstaConnect.Follows.Web", "src\Services\Follows\InstaConnect.Follows.Web\InstaConnect.Follows.Web.csproj", "{389242CB-28E6-4F39-96EB-D8F37FF1FECC}"
EndProject
Project("{9A19103F-16F7-4668-BE54-9A1E7A4F7556}") = "InstaConnect.Posts.Data", "src\Services\Posts\InstaConnect.Posts.Data\InstaConnect.Posts.Data.csproj", "{C9B9533D-CAD3-4856-9E7A-18941FF6E132}"
EndProject
Project("{9A19103F-16F7-4668-BE54-9A1E7A4F7556}") = "InstaConnect.Posts.Business", "src\Services\Posts\InstaConnect.Posts.Business\InstaConnect.Posts.Business.csproj", "{428D0BEA-485F-43CC-8A81-E093FD22546C}"
EndProject
Project("{9A19103F-16F7-4668-BE54-9A1E7A4F7556}") = "InstaConnect.Posts.Web", "src\Services\Posts\InstaConnect.Posts.Web\InstaConnect.Posts.Web.csproj", "{E6ED61E7-9B62-48B3-B6A0-47B4FD3057F1}"
EndProject
Global
	GlobalSection(SolutionConfigurationPlatforms) = preSolution
		Debug|Any CPU = Debug|Any CPU
		Release|Any CPU = Release|Any CPU
	EndGlobalSection
	GlobalSection(ProjectConfigurationPlatforms) = postSolution
		{0E108931-0C4C-4FBD-AFC6-447CDAF5595C}.Debug|Any CPU.ActiveCfg = Debug|Any CPU
		{0E108931-0C4C-4FBD-AFC6-447CDAF5595C}.Debug|Any CPU.Build.0 = Debug|Any CPU
		{0E108931-0C4C-4FBD-AFC6-447CDAF5595C}.Release|Any CPU.ActiveCfg = Release|Any CPU
		{0E108931-0C4C-4FBD-AFC6-447CDAF5595C}.Release|Any CPU.Build.0 = Release|Any CPU
		{CBCE8265-A24F-4BF8-8BAD-2D2575FEF502}.Debug|Any CPU.ActiveCfg = Debug|Any CPU
		{CBCE8265-A24F-4BF8-8BAD-2D2575FEF502}.Debug|Any CPU.Build.0 = Debug|Any CPU
		{CBCE8265-A24F-4BF8-8BAD-2D2575FEF502}.Release|Any CPU.ActiveCfg = Release|Any CPU
		{CBCE8265-A24F-4BF8-8BAD-2D2575FEF502}.Release|Any CPU.Build.0 = Release|Any CPU
		{1287B045-C0EA-49A6-88ED-6588EF4BA6E6}.Debug|Any CPU.ActiveCfg = Debug|Any CPU
		{1287B045-C0EA-49A6-88ED-6588EF4BA6E6}.Debug|Any CPU.Build.0 = Debug|Any CPU
		{1287B045-C0EA-49A6-88ED-6588EF4BA6E6}.Release|Any CPU.ActiveCfg = Release|Any CPU
		{1287B045-C0EA-49A6-88ED-6588EF4BA6E6}.Release|Any CPU.Build.0 = Release|Any CPU
		{DA1162BE-86C9-4C93-B720-FF0E3D5183D7}.Debug|Any CPU.ActiveCfg = Debug|Any CPU
		{DA1162BE-86C9-4C93-B720-FF0E3D5183D7}.Debug|Any CPU.Build.0 = Debug|Any CPU
		{DA1162BE-86C9-4C93-B720-FF0E3D5183D7}.Release|Any CPU.ActiveCfg = Release|Any CPU
		{DA1162BE-86C9-4C93-B720-FF0E3D5183D7}.Release|Any CPU.Build.0 = Release|Any CPU
		{3D287ADF-63AE-4D5C-80D2-2FF65D56913C}.Debug|Any CPU.ActiveCfg = Debug|Any CPU
		{3D287ADF-63AE-4D5C-80D2-2FF65D56913C}.Debug|Any CPU.Build.0 = Debug|Any CPU
		{3D287ADF-63AE-4D5C-80D2-2FF65D56913C}.Release|Any CPU.ActiveCfg = Release|Any CPU
		{3D287ADF-63AE-4D5C-80D2-2FF65D56913C}.Release|Any CPU.Build.0 = Release|Any CPU
		{C45CCBAC-4760-4752-B9EC-3A79CD000DCF}.Debug|Any CPU.ActiveCfg = Debug|Any CPU
		{C45CCBAC-4760-4752-B9EC-3A79CD000DCF}.Debug|Any CPU.Build.0 = Debug|Any CPU
		{C45CCBAC-4760-4752-B9EC-3A79CD000DCF}.Release|Any CPU.ActiveCfg = Release|Any CPU
		{C45CCBAC-4760-4752-B9EC-3A79CD000DCF}.Release|Any CPU.Build.0 = Release|Any CPU
		{ED31D575-CF7A-4ABC-AAF7-33FA959818C1}.Debug|Any CPU.ActiveCfg = Debug|Any CPU
		{ED31D575-CF7A-4ABC-AAF7-33FA959818C1}.Debug|Any CPU.Build.0 = Debug|Any CPU
		{ED31D575-CF7A-4ABC-AAF7-33FA959818C1}.Release|Any CPU.ActiveCfg = Release|Any CPU
		{ED31D575-CF7A-4ABC-AAF7-33FA959818C1}.Release|Any CPU.Build.0 = Release|Any CPU
		{44829A6A-6ABF-4B4C-8E07-386620684872}.Debug|Any CPU.ActiveCfg = Debug|Any CPU
		{44829A6A-6ABF-4B4C-8E07-386620684872}.Debug|Any CPU.Build.0 = Debug|Any CPU
		{44829A6A-6ABF-4B4C-8E07-386620684872}.Release|Any CPU.ActiveCfg = Release|Any CPU
		{44829A6A-6ABF-4B4C-8E07-386620684872}.Release|Any CPU.Build.0 = Release|Any CPU
		{DC30F933-F955-48BF-B10E-FDD726420A85}.Debug|Any CPU.ActiveCfg = Debug|Any CPU
		{DC30F933-F955-48BF-B10E-FDD726420A85}.Debug|Any CPU.Build.0 = Debug|Any CPU
		{DC30F933-F955-48BF-B10E-FDD726420A85}.Release|Any CPU.ActiveCfg = Release|Any CPU
		{DC30F933-F955-48BF-B10E-FDD726420A85}.Release|Any CPU.Build.0 = Release|Any CPU
		{5602742E-24CE-4B61-8BEE-FDC4218F904A}.Debug|Any CPU.ActiveCfg = Debug|Any CPU
		{5602742E-24CE-4B61-8BEE-FDC4218F904A}.Debug|Any CPU.Build.0 = Debug|Any CPU
		{5602742E-24CE-4B61-8BEE-FDC4218F904A}.Release|Any CPU.ActiveCfg = Release|Any CPU
		{5602742E-24CE-4B61-8BEE-FDC4218F904A}.Release|Any CPU.Build.0 = Release|Any CPU
		{56086E07-6E30-4520-9B37-8F655CECBC32}.Debug|Any CPU.ActiveCfg = Debug|Any CPU
		{56086E07-6E30-4520-9B37-8F655CECBC32}.Debug|Any CPU.Build.0 = Debug|Any CPU
		{56086E07-6E30-4520-9B37-8F655CECBC32}.Release|Any CPU.ActiveCfg = Release|Any CPU
		{56086E07-6E30-4520-9B37-8F655CECBC32}.Release|Any CPU.Build.0 = Release|Any CPU
		{66FDD8E5-4AD9-49A6-B54B-D40D7713D58C}.Debug|Any CPU.ActiveCfg = Debug|Any CPU
		{66FDD8E5-4AD9-49A6-B54B-D40D7713D58C}.Debug|Any CPU.Build.0 = Debug|Any CPU
		{66FDD8E5-4AD9-49A6-B54B-D40D7713D58C}.Release|Any CPU.ActiveCfg = Release|Any CPU
		{66FDD8E5-4AD9-49A6-B54B-D40D7713D58C}.Release|Any CPU.Build.0 = Release|Any CPU
		{E1E97B47-B5AE-47BA-83DC-54E0AB90E70D}.Debug|Any CPU.ActiveCfg = Debug|Any CPU
		{E1E97B47-B5AE-47BA-83DC-54E0AB90E70D}.Debug|Any CPU.Build.0 = Debug|Any CPU
		{E1E97B47-B5AE-47BA-83DC-54E0AB90E70D}.Release|Any CPU.ActiveCfg = Release|Any CPU
		{E1E97B47-B5AE-47BA-83DC-54E0AB90E70D}.Release|Any CPU.Build.0 = Release|Any CPU
		{83665ADA-39E0-4607-B644-D6162A77F776}.Debug|Any CPU.ActiveCfg = Debug|Any CPU
		{83665ADA-39E0-4607-B644-D6162A77F776}.Debug|Any CPU.Build.0 = Debug|Any CPU
		{83665ADA-39E0-4607-B644-D6162A77F776}.Release|Any CPU.ActiveCfg = Release|Any CPU
		{83665ADA-39E0-4607-B644-D6162A77F776}.Release|Any CPU.Build.0 = Release|Any CPU
		{37606FAA-3735-4DB2-A208-675EA56A0463}.Debug|Any CPU.ActiveCfg = Debug|Any CPU
		{37606FAA-3735-4DB2-A208-675EA56A0463}.Debug|Any CPU.Build.0 = Debug|Any CPU
		{37606FAA-3735-4DB2-A208-675EA56A0463}.Release|Any CPU.ActiveCfg = Release|Any CPU
		{37606FAA-3735-4DB2-A208-675EA56A0463}.Release|Any CPU.Build.0 = Release|Any CPU
		{6E19857D-E25F-491A-A402-83F480B47728}.Debug|Any CPU.ActiveCfg = Debug|Any CPU
		{6E19857D-E25F-491A-A402-83F480B47728}.Debug|Any CPU.Build.0 = Debug|Any CPU
		{6E19857D-E25F-491A-A402-83F480B47728}.Release|Any CPU.ActiveCfg = Release|Any CPU
		{6E19857D-E25F-491A-A402-83F480B47728}.Release|Any CPU.Build.0 = Release|Any CPU
		{A0600C02-1E38-40EB-BF4B-4608863BFF66}.Debug|Any CPU.ActiveCfg = Debug|Any CPU
		{A0600C02-1E38-40EB-BF4B-4608863BFF66}.Debug|Any CPU.Build.0 = Debug|Any CPU
		{A0600C02-1E38-40EB-BF4B-4608863BFF66}.Release|Any CPU.ActiveCfg = Release|Any CPU
		{A0600C02-1E38-40EB-BF4B-4608863BFF66}.Release|Any CPU.Build.0 = Release|Any CPU
		{1C97AB4D-CFDF-4ED1-877D-07336A8E817B}.Debug|Any CPU.ActiveCfg = Debug|Any CPU
		{1C97AB4D-CFDF-4ED1-877D-07336A8E817B}.Debug|Any CPU.Build.0 = Debug|Any CPU
		{1C97AB4D-CFDF-4ED1-877D-07336A8E817B}.Release|Any CPU.ActiveCfg = Release|Any CPU
		{1C97AB4D-CFDF-4ED1-877D-07336A8E817B}.Release|Any CPU.Build.0 = Release|Any CPU
		{58786B04-C411-489C-AAD6-0564F7F10870}.Debug|Any CPU.ActiveCfg = Debug|Any CPU
		{58786B04-C411-489C-AAD6-0564F7F10870}.Debug|Any CPU.Build.0 = Debug|Any CPU
		{58786B04-C411-489C-AAD6-0564F7F10870}.Release|Any CPU.ActiveCfg = Release|Any CPU
		{58786B04-C411-489C-AAD6-0564F7F10870}.Release|Any CPU.Build.0 = Release|Any CPU
		{4C878E30-917E-4B12-9FE0-5D33077D9EC2}.Debug|Any CPU.ActiveCfg = Debug|Any CPU
		{4C878E30-917E-4B12-9FE0-5D33077D9EC2}.Debug|Any CPU.Build.0 = Debug|Any CPU
		{4C878E30-917E-4B12-9FE0-5D33077D9EC2}.Release|Any CPU.ActiveCfg = Release|Any CPU
		{4C878E30-917E-4B12-9FE0-5D33077D9EC2}.Release|Any CPU.Build.0 = Release|Any CPU
		{7BD815DA-4D8C-4153-8536-77EA23FE8BBE}.Debug|Any CPU.ActiveCfg = Debug|Any CPU
		{7BD815DA-4D8C-4153-8536-77EA23FE8BBE}.Debug|Any CPU.Build.0 = Debug|Any CPU
		{7BD815DA-4D8C-4153-8536-77EA23FE8BBE}.Release|Any CPU.ActiveCfg = Release|Any CPU
		{7BD815DA-4D8C-4153-8536-77EA23FE8BBE}.Release|Any CPU.Build.0 = Release|Any CPU
		{6D29C6D9-9F48-40D5-8F12-68AA78B8D152}.Debug|Any CPU.ActiveCfg = Debug|Any CPU
		{6D29C6D9-9F48-40D5-8F12-68AA78B8D152}.Debug|Any CPU.Build.0 = Debug|Any CPU
		{6D29C6D9-9F48-40D5-8F12-68AA78B8D152}.Release|Any CPU.ActiveCfg = Release|Any CPU
		{6D29C6D9-9F48-40D5-8F12-68AA78B8D152}.Release|Any CPU.Build.0 = Release|Any CPU
		{BEDAE76F-5997-4010-9218-5A651E2083F7}.Debug|Any CPU.ActiveCfg = Debug|Any CPU
		{BEDAE76F-5997-4010-9218-5A651E2083F7}.Debug|Any CPU.Build.0 = Debug|Any CPU
		{BEDAE76F-5997-4010-9218-5A651E2083F7}.Release|Any CPU.ActiveCfg = Release|Any CPU
		{BEDAE76F-5997-4010-9218-5A651E2083F7}.Release|Any CPU.Build.0 = Release|Any CPU
		{389242CB-28E6-4F39-96EB-D8F37FF1FECC}.Debug|Any CPU.ActiveCfg = Debug|Any CPU
		{389242CB-28E6-4F39-96EB-D8F37FF1FECC}.Debug|Any CPU.Build.0 = Debug|Any CPU
		{389242CB-28E6-4F39-96EB-D8F37FF1FECC}.Release|Any CPU.ActiveCfg = Release|Any CPU
		{389242CB-28E6-4F39-96EB-D8F37FF1FECC}.Release|Any CPU.Build.0 = Release|Any CPU
		{C9B9533D-CAD3-4856-9E7A-18941FF6E132}.Debug|Any CPU.ActiveCfg = Debug|Any CPU
		{C9B9533D-CAD3-4856-9E7A-18941FF6E132}.Debug|Any CPU.Build.0 = Debug|Any CPU
		{C9B9533D-CAD3-4856-9E7A-18941FF6E132}.Release|Any CPU.ActiveCfg = Release|Any CPU
		{C9B9533D-CAD3-4856-9E7A-18941FF6E132}.Release|Any CPU.Build.0 = Release|Any CPU
		{428D0BEA-485F-43CC-8A81-E093FD22546C}.Debug|Any CPU.ActiveCfg = Debug|Any CPU
		{428D0BEA-485F-43CC-8A81-E093FD22546C}.Debug|Any CPU.Build.0 = Debug|Any CPU
		{428D0BEA-485F-43CC-8A81-E093FD22546C}.Release|Any CPU.ActiveCfg = Release|Any CPU
		{428D0BEA-485F-43CC-8A81-E093FD22546C}.Release|Any CPU.Build.0 = Release|Any CPU
		{E6ED61E7-9B62-48B3-B6A0-47B4FD3057F1}.Debug|Any CPU.ActiveCfg = Debug|Any CPU
		{E6ED61E7-9B62-48B3-B6A0-47B4FD3057F1}.Debug|Any CPU.Build.0 = Debug|Any CPU
		{E6ED61E7-9B62-48B3-B6A0-47B4FD3057F1}.Release|Any CPU.ActiveCfg = Release|Any CPU
		{E6ED61E7-9B62-48B3-B6A0-47B4FD3057F1}.Release|Any CPU.Build.0 = Release|Any CPU
	EndGlobalSection
	GlobalSection(SolutionProperties) = preSolution
		HideSolutionNode = FALSE
	EndGlobalSection
	GlobalSection(NestedProjects) = preSolution
		{0E108931-0C4C-4FBD-AFC6-447CDAF5595C} = {6DD65F98-A141-4DFD-B0E1-D4BC7CC2CAAA}
		{6DD65F98-A141-4DFD-B0E1-D4BC7CC2CAAA} = {F74BF151-136D-462E-83A8-BD448CBBE488}
		{8BC43BD2-551C-4799-A1CE-0543A75DB852} = {F74BF151-136D-462E-83A8-BD448CBBE488}
		{A69A3437-B98C-4657-945B-EFACA12E0C8A} = {8BC43BD2-551C-4799-A1CE-0543A75DB852}
		{BB218D91-B7C7-4865-9A44-68EFCEBF744C} = {8BC43BD2-551C-4799-A1CE-0543A75DB852}
		{7FE8F3FE-E3F1-46BD-B1A5-788D3E987AEB} = {8BC43BD2-551C-4799-A1CE-0543A75DB852}
		{7BF85781-BAFC-4F14-9314-D366F339D135} = {8BC43BD2-551C-4799-A1CE-0543A75DB852}
		{CBCE8265-A24F-4BF8-8BAD-2D2575FEF502} = {A69A3437-B98C-4657-945B-EFACA12E0C8A}
		{1287B045-C0EA-49A6-88ED-6588EF4BA6E6} = {A69A3437-B98C-4657-945B-EFACA12E0C8A}
		{DA1162BE-86C9-4C93-B720-FF0E3D5183D7} = {A69A3437-B98C-4657-945B-EFACA12E0C8A}
		{1008DA27-0EBD-4D8F-B128-89FA08D02A99} = {F2DFCE00-F5FA-4CC4-8B1D-71E35409A109}
		{9C334A35-B292-4508-84F0-6356ABB3F0BB} = {1008DA27-0EBD-4D8F-B128-89FA08D02A99}
		{26B903EE-D354-4E26-8785-325AEBD06FC4} = {1008DA27-0EBD-4D8F-B128-89FA08D02A99}
		{FA401F1C-FBB6-4929-BFB1-126DFBC926A0} = {1008DA27-0EBD-4D8F-B128-89FA08D02A99}
		{1BBFC959-E3DD-484B-8CB8-AB19457AA5DC} = {1008DA27-0EBD-4D8F-B128-89FA08D02A99}
		{8E8BC1F8-B409-457F-A009-4B7EB511812D} = {8BC43BD2-551C-4799-A1CE-0543A75DB852}
		{C45CCBAC-4760-4752-B9EC-3A79CD000DCF} = {8E8BC1F8-B409-457F-A009-4B7EB511812D}
		{ED31D575-CF7A-4ABC-AAF7-33FA959818C1} = {8E8BC1F8-B409-457F-A009-4B7EB511812D}
		{44829A6A-6ABF-4B4C-8E07-386620684872} = {8E8BC1F8-B409-457F-A009-4B7EB511812D}
		{8A13ADAD-E7A7-4776-9F02-689B9AD6ED39} = {8BC43BD2-551C-4799-A1CE-0543A75DB852}
		{DC30F933-F955-48BF-B10E-FDD726420A85} = {8A13ADAD-E7A7-4776-9F02-689B9AD6ED39}
		{5602742E-24CE-4B61-8BEE-FDC4218F904A} = {8A13ADAD-E7A7-4776-9F02-689B9AD6ED39}
		{10C8E4E9-DF0F-433E-8C9F-D14653D10745} = {1008DA27-0EBD-4D8F-B128-89FA08D02A99}
		{56086E07-6E30-4520-9B37-8F655CECBC32} = {10C8E4E9-DF0F-433E-8C9F-D14653D10745}
		{66FDD8E5-4AD9-49A6-B54B-D40D7713D58C} = {10C8E4E9-DF0F-433E-8C9F-D14653D10745}
		{E1E97B47-B5AE-47BA-83DC-54E0AB90E70D} = {10C8E4E9-DF0F-433E-8C9F-D14653D10745}
		{83665ADA-39E0-4607-B644-D6162A77F776} = {10C8E4E9-DF0F-433E-8C9F-D14653D10745}
		{37606FAA-3735-4DB2-A208-675EA56A0463} = {7FE8F3FE-E3F1-46BD-B1A5-788D3E987AEB}
		{6E19857D-E25F-491A-A402-83F480B47728} = {7FE8F3FE-E3F1-46BD-B1A5-788D3E987AEB}
		{A0600C02-1E38-40EB-BF4B-4608863BFF66} = {7FE8F3FE-E3F1-46BD-B1A5-788D3E987AEB}
		{1C97AB4D-CFDF-4ED1-877D-07336A8E817B} = {1BBFC959-E3DD-484B-8CB8-AB19457AA5DC}
		{58786B04-C411-489C-AAD6-0564F7F10870} = {1BBFC959-E3DD-484B-8CB8-AB19457AA5DC}
		{4C878E30-917E-4B12-9FE0-5D33077D9EC2} = {1BBFC959-E3DD-484B-8CB8-AB19457AA5DC}
		{7BD815DA-4D8C-4153-8536-77EA23FE8BBE} = {1BBFC959-E3DD-484B-8CB8-AB19457AA5DC}
		{6D29C6D9-9F48-40D5-8F12-68AA78B8D152} = {7BF85781-BAFC-4F14-9314-D366F339D135}
		{BEDAE76F-5997-4010-9218-5A651E2083F7} = {7BF85781-BAFC-4F14-9314-D366F339D135}
		{389242CB-28E6-4F39-96EB-D8F37FF1FECC} = {7BF85781-BAFC-4F14-9314-D366F339D135}
		{C9B9533D-CAD3-4856-9E7A-18941FF6E132} = {BB218D91-B7C7-4865-9A44-68EFCEBF744C}
		{428D0BEA-485F-43CC-8A81-E093FD22546C} = {BB218D91-B7C7-4865-9A44-68EFCEBF744C}
		{E6ED61E7-9B62-48B3-B6A0-47B4FD3057F1} = {BB218D91-B7C7-4865-9A44-68EFCEBF744C}
	EndGlobalSection
	GlobalSection(ExtensibilityGlobals) = postSolution
		SolutionGuid = {74CDCE11-9171-4345-A1A8-63E51F48297C}
	EndGlobalSection
EndGlobal
